# THIS IS AN AUTOGENERATED FILE. DO NOT EDIT THIS FILE DIRECTLY.
# yarn lockfile v1


atob@^2.1.1:
  version "2.1.1"
  resolved "https://registry.yarnpkg.com/atob/-/atob-2.1.1.tgz#ae2d5a729477f289d60dd7f96a6314a22dd6c22a"

btoa@^1.2.1:
  version "1.2.1"
  resolved "https://registry.yarnpkg.com/btoa/-/btoa-1.2.1.tgz#01a9909f8b2c93f6bf680ba26131eb30f7fa3d73"

commander@^2.15.1:
  version "2.15.1"
  resolved "https://registry.yarnpkg.com/commander/-/commander-2.15.1.tgz#df46e867d0fc2aec66a34662b406a9ccafff5b0f"
